github.com/davecgh/go-spew v1.1.0/go.mod h1:J7Y8YcW2NihsgmVo/mv3lAwl/skON4iLHjSsI+c5H38=
github.com/davecgh/go-spew v1.1.1 h1:vj9j/u1bqnvCEfJOwUhtlOARqs3+rkHYY13jYWTU97c=
github.com/davecgh/go-spew v1.1.1/go.mod h1:J7Y8YcW2NihsgmVo/mv3lAwl/skON4iLHjSsI+c5H38=
github.com/dchest/uniuri v1.2.0 h1:koIcOUdrTIivZgSLhHQvKgqdWZq5d7KdMEWF1Ud6+5g=
github.com/dchest/uniuri v1.2.0/go.mod h1:fSzm4SLHzNZvWLvWJew423PhAzkpNQYq+uNLq4kxhkY=
github.com/indigo-web/utils v0.0.0-20230702140644-5a17800b6241 h1:McuWUwXwAEIzek9OW3cgLxSi84/8+qfjHOrSdWoV6Dk=
github.com/indigo-web/utils v0.0.0-20230702140644-5a17800b6241/go.mod h1:4BgSVOvms3slD2TmbsG8Yl4h718/5/d939m+TpvMeyc=
github.com/indigo-web/utils v0.0.1 h1:+MZ0svlhNTzaHvQUQrCYXrh7AUHl61ZqmMkO5c3qdys=
github.com/indigo-web/utils v0.0.1/go.mod h1:fBdCfyNyprkgC0FvqaLE1B43CZgByQyhjDRxz4pNt8U=
github.com/indigo-web/utils v0.0.2 h1:TvqmU3MYDI/s6gUhvuFQ722W0wEL8MznX81nV1Jvuqs=
github.com/indigo-web/utils v0.0.2/go.mod h1:fBdCfyNyprkgC0FvqaLE1B43CZgByQyhjDRxz4pNt8U=
github.com/indigo-web/utils v0.0.3 h1:692sxyWO70DEUbEgArH0Wqa1T/XsdPOkoM+1ej7Ggt0=
github.com/indigo-web/utils v0.0.3/go.mod h1:fBdCfyNyprkgC0FvqaLE1B43CZgByQyhjDRxz4pNt8U=
github.com/indigo-web/utils v0.1.0 h1:DgIl0RaSUNmX4M5rvjWcg3qcNvgbccujNTFto9qmUFY=
github.com/indigo-web/utils v0.1.0/go.mod h1:fBdCfyNyprkgC0FvqaLE1B43CZgByQyhjDRxz4pNt8U=
github.com/pmezard/go-difflib v1.0.0 h1:4DBwDE0NGyQoBHbLQYPwSUPoCMWR5BEzIk/f1lZbAQM=
github.com/pmezard/go-difflib v1.0.0/go.mod h1:iKH77koFhYxTK1pcRnkKkqfTogsbg7gZNVY4sRDYZ/4=
github.com/stretchr/objx v0.1.0/go.mod h1:HFkY916IF+rwdDfMAkV7OtwuqBVzrE8GR6GFx+wExME=
github.com/stretchr/objx v0.4.0/go.mod h1:YvHI0jy2hoMjB+UWwv71VJQ9isScKT/TqJzVSSt89Yw=
github.com/stretchr/testify v1.7.1/go.mod h1:6Fq8oRcR53rry900zMqJjRRixrwX3KX962/h/Wwjteg=
github.com/stretchr/testify v1.8.0 h1:pSgiaMZlXftHpm5L7V1+rVB+AZJydKsMxsQBIJw4PKk=
github.com/stretchr/testify v1.8.0/go.mod h1:yNjHg4UonilssWZ8iaSj1OCr/vHnekPRkoO+kdMU+MU=
github.com/stretchr/testify v1.8.4 h1:CcVxjf3Q8PM0mHUKJCdn+eZZtm5yQwehR5yeSVQQcUk=
github.com/stretchr/testify v1.8.4/go.mod h1:sz/lmYIOXD/1dqDmKjjqLyZ2RngseejIcXlSw2iwfAo=
gopkg.in/check.v1 v0.0.0-20161208181325-20d25e280405 h1:yhCVgyC4o1eVCa2tZl7eS0r+SDo693bJlVdllGtEeKM=
gopkg.in/check.v1 v0.0.0-20161208181325-20d25e280405/go.mod h1:Co6ibVJAznAaIkqp8huTwlJQCZ016jof/cbN4VW5Yz0=
gopkg.in/yaml.v3 v3.0.0-20200313102051-9f266ea9e77c/go.mod h1:K4uyk7z7BCEPqu6E+C64Yfv1cQ7kz7rIZviUmN+EgEM=
gopkg.in/yaml.v3 v3.0.1 h1:fxVm/GzAzEWqLHuvctI91KS9hhNmmWOoWu0XTYJS7CA=
gopkg.in/yaml.v3 v3.0.1/go.mod h1:K4uyk7z7BCEPqu6E+C64Yfv1cQ7kz7rIZviUmN+EgEM=
